// !$*UTF8*$!
{
	archiveVersion = 1;
	classes = {
	};
	objectVersion = 46;
	objects = {

/* Begin PBXBuildFile section */
		313D1BA41AAE3F1400D564D1 /* AppDelegate.swift in Sources */ = {isa = PBXBuildFile; fileRef = 313D1BA31AAE3F1400D564D1 /* AppDelegate.swift */; };
		313D1BA61AAE3F1400D564D1 /* ViewController.swift in Sources */ = {isa = PBXBuildFile; fileRef = 313D1BA51AAE3F1400D564D1 /* ViewController.swift */; };
		313D1BA91AAE3F1400D564D1 /* Main.storyboard in Resources */ = {isa = PBXBuildFile; fileRef = 313D1BA71AAE3F1400D564D1 /* Main.storyboard */; };
		313D1BAB1AAE3F1400D564D1 /* Images.xcassets in Resources */ = {isa = PBXBuildFile; fileRef = 313D1BAA1AAE3F1400D564D1 /* Images.xcassets */; };
		313D1BAE1AAE3F1400D564D1 /* LaunchScreen.xib in Resources */ = {isa = PBXBuildFile; fileRef = 313D1BAC1AAE3F1400D564D1 /* LaunchScreen.xib */; };
		313D1BBA1AAE3F1400D564D1 /* MoviebuddyTests.swift in Sources */ = {isa = PBXBuildFile; fileRef = 313D1BB91AAE3F1400D564D1 /* MoviebuddyTests.swift */; };
		31E933611AAE401E00709FDF /* SwiftyJSON.swift in Sources */ = {isa = PBXBuildFile; fileRef = 31E933601AAE401E00709FDF /* SwiftyJSON.swift */; };
		31E933631AAE41B500709FDF /* TableViewController.swift in Sources */ = {isa = PBXBuildFile; fileRef = 31E933621AAE41B500709FDF /* TableViewController.swift */; };
/* End PBXBuildFile section */

/* Begin PBXContainerItemProxy section */
		313D1BB41AAE3F1400D564D1 /* PBXContainerItemProxy */ = {
			isa = PBXContainerItemProxy;
			containerPortal = 313D1B961AAE3F1400D564D1 /* Project object */;
			proxyType = 1;
			remoteGlobalIDString = 313D1B9D1AAE3F1400D564D1;
			remoteInfo = Moviebuddy;
		};
/* End PBXContainerItemProxy section */

/* Begin PBXFileReference section */
		313D1B9E1AAE3F1400D564D1 /* Moviebuddy.app */ = {isa = PBXFileReference; explicitFileType = wrapper.application; includeInIndex = 0; path = Moviebuddy.app; sourceTree = BUILT_PRODUCTS_DIR; };
		313D1BA21AAE3F1400D564D1 /* Info.plist */ = {isa = PBXFileReference; lastKnownFileType = text.plist.xml; path = Info.plist; sourceTree = "<group>"; };
		313D1BA31AAE3F1400D564D1 /* AppDelegate.swift */ = {isa = PBXFileReference; lastKnownFileType = sourcecode.swift; path = AppDelegate.swift; sourceTree = "<group>"; };
		313D1BA51AAE3F1400D564D1 /* ViewController.swift */ = {isa = PBXFileReference; lastKnownFileType = sourcecode.swift; path = ViewController.swift; sourceTree = "<group>"; };
		313D1BA81AAE3F1400D564D1 /* Base */ = {isa = PBXFileReference; lastKnownFileType = file.storyboard; name = Base; path = Base.lproj/Main.storyboard; sourceTree = "<group>"; };
		313D1BAA1AAE3F1400D564D1 /* Images.xcassets */ = {isa = PBXFileReference; lastKnownFileType = folder.assetcatalog; path = Images.xcassets; sourceTree = "<group>"; };
		313D1BAD1AAE3F1400D564D1 /* Base */ = {isa = PBXFileReference; lastKnownFileType = file.xib; name = Base; path = Base.lproj/LaunchScreen.xib; sourceTree = "<group>"; };
		313D1BB31AAE3F1400D564D1 /* MoviebuddyTests.xctest */ = {isa = PBXFileReference; explicitFileType = wrapper.cfbundle; includeInIndex = 0; path = MoviebuddyTests.xctest; sourceTree = BUILT_PRODUCTS_DIR; };
		313D1BB81AAE3F1400D564D1 /* Info.plist */ = {isa = PBXFileReference; lastKnownFileType = text.plist.xml; path = Info.plist; sourceTree = "<group>"; };
		313D1BB91AAE3F1400D564D1 /* MoviebuddyTests.swift */ = {isa = PBXFileReference; lastKnownFileType = sourcecode.swift; path = MoviebuddyTests.swift; sourceTree = "<group>"; };
		31E933601AAE401E00709FDF /* SwiftyJSON.swift */ = {isa = PBXFileReference; fileEncoding = 4; lastKnownFileType = sourcecode.swift; path = SwiftyJSON.swift; sourceTree = "<group>"; };
		31E933621AAE41B500709FDF /* TableViewController.swift */ = {isa = PBXFileReference; fileEncoding = 4; lastKnownFileType = sourcecode.swift; path = TableViewController.swift; sourceTree = "<group>"; };
/* End PBXFileReference section */

/* Begin PBXFrameworksBuildPhase section */
		313D1B9B1AAE3F1400D564D1 /* Frameworks */ = {
			isa = PBXFrameworksBuildPhase;
			buildActionMask = 2147483647;
			files = (
			);
			runOnlyForDeploymentPostprocessing = 0;
		};
		313D1BB01AAE3F1400D564D1 /* Frameworks */ = {
			isa = PBXFrameworksBuildPhase;
			buildActionMask = 2147483647;
			files = (
			);
			runOnlyForDeploymentPostprocessing = 0;
		};
/* End PBXFrameworksBuildPhase section */

/* Begin PBXGroup section */
		313D1B951AAE3F1400D564D1 = {
			isa = PBXGroup;
			children = (
				313D1BA01AAE3F1400D564D1 /* Moviebuddy */,
				313D1BB61AAE3F1400D564D1 /* MoviebuddyTests */,
				313D1B9F1AAE3F1400D564D1 /* Products */,
			);
			sourceTree = "<group>";
		};
		313D1B9F1AAE3F1400D564D1 /* Products */ = {
			isa = PBXGroup;
			children = (
				313D1B9E1AAE3F1400D564D1 /* Moviebuddy.app */,
				313D1BB31AAE3F1400D564D1 /* MoviebuddyTests.xctest */,
			);
			name = Products;
			sourceTree = "<group>";
		};
		313D1BA01AAE3F1400D564D1 /* Moviebuddy */ = {
			isa = PBXGroup;
			children = (
				313D1BA31AAE3F1400D564D1 /* AppDelegate.swift */,
				313D1BA51AAE3F1400D564D1 /* ViewController.swift */,
				31E933621AAE41B500709FDF /* TableViewController.swift */,
				31E933601AAE401E00709FDF /* SwiftyJSON.swift */,
				313D1BA71AAE3F1400D564D1 /* Main.storyboard */,
				313D1BAA1AAE3F1400D564D1 /* Images.xcassets */,
				313D1BAC1AAE3F1400D564D1 /* LaunchScreen.xib */,
				313D1BA11AAE3F1400D564D1 /* Supporting Files */,
			);
			path = Moviebuddy;
			sourceTree = "<group>";
		};
		313D1BA11AAE3F1400D564D1 /* Supporting Files */ = {
			isa = PBXGroup;
			children = (
				313D1BA21AAE3F1400D564D1 /* Info.plist */,
			);
			name = "Supporting Files";
			sourceTree = "<group>";
		};
		313D1BB61AAE3F1400D564D1 /* MoviebuddyTests */ = {
			isa = PBXGroup;
			children = (
				313D1BB91AAE3F1400D564D1 /* MoviebuddyTests.swift */,
				313D1BB71AAE3F1400D564D1 /* Supporting Files */,
			);
			path = MoviebuddyTests;
			sourceTree = "<group>";
		};
		313D1BB71AAE3F1400D564D1 /* Supporting Files */ = {
			isa = PBXGroup;
			children = (
				313D1BB81AAE3F1400D564D1 /* Info.plist */,
			);
			name = "Supporting Files";
			sourceTree = "<group>";
		};
/* End PBXGroup section */

/* Begin PBXNativeTarget section */
		313D1B9D1AAE3F1400D564D1 /* Moviebuddy */ = {
			isa = PBXNativeTarget;
			buildConfigurationList = 313D1BBD1AAE3F1400D564D1 /* Build configuration list for PBXNativeTarget "Moviebuddy" */;
			buildPhases = (
				313D1B9A1AAE3F1400D564D1 /* Sources */,
				313D1B9B1AAE3F1400D564D1 /* Frameworks */,
				313D1B9C1AAE3F1400D564D1 /* Resources */,
			);
			buildRules = (
			);
			dependencies = (
			);
			name = Moviebuddy;
			productName = Moviebuddy;
			productReference = 313D1B9E1AAE3F1400D564D1 /* Moviebuddy.app */;
			productType = "com.apple.product-type.application";
		};
		313D1BB21AAE3F1400D564D1 /* MoviebuddyTests */ = {
			isa = PBXNativeTarget;
			buildConfigurationList = 313D1BC01AAE3F1400D564D1 /* Build configuration list for PBXNativeTarget "MoviebuddyTests" */;
			buildPhases = (
				313D1BAF1AAE3F1400D564D1 /* Sources */,
				313D1BB01AAE3F1400D564D1 /* Frameworks */,
				313D1BB11AAE3F1400D564D1 /* Resources */,
			);
			buildRules = (
			);
			dependencies = (
				313D1BB51AAE3F1400D564D1 /* PBXTargetDependency */,
			);
			name = MoviebuddyTests;
			productName = MoviebuddyTests;
			productReference = 313D1BB31AAE3F1400D564D1 /* MoviebuddyTests.xctest */;
			productType = "com.apple.product-type.bundle.unit-test";
		};
/* End PBXNativeTarget section */

/* Begin PBXProject section */
		313D1B961AAE3F1400D564D1 /* Project object */ = {
			isa = PBXProject;
			attributes = {
				LastUpgradeCheck = 0610;
				ORGANIZATIONNAME = "Hannes Waller";
				TargetAttributes = {
					313D1B9D1AAE3F1400D564D1 = {
						CreatedOnToolsVersion = 6.1.1;
					};
					313D1BB21AAE3F1400D564D1 = {
						CreatedOnToolsVersion = 6.1.1;
						TestTargetID = 313D1B9D1AAE3F1400D564D1;
					};
				};
			};
			buildConfigurationList = 313D1B991AAE3F1400D564D1 /* Build configuration list for PBXProject "Moviebuddy" */;
			compatibilityVersion = "Xcode 3.2";
			developmentRegion = English;
			hasScannedForEncodings = 0;
			knownRegions = (
				en,
				Base,
			);
			mainGroup = 313D1B951AAE3F1400D564D1;
			productRefGroup = 313D1B9F1AAE3F1400D564D1 /* Products */;
			projectDirPath = "";
			projectRoot = "";
			targets = (
				313D1B9D1AAE3F1400D564D1 /* Moviebuddy */,
				313D1BB21AAE3F1400D564D1 /* MoviebuddyTests */,
			);
		};
/* End PBXProject section */

/* Begin PBXResourcesBuildPhase section */
		313D1B9C1AAE3F1400D564D1 /* Resources */ = {
			isa = PBXResourcesBuildPhase;
			buildActionMask = 2147483647;
			files = (
				313D1BA91AAE3F1400D564D1 /* Main.storyboard in Resources */,
				313D1BAE1AAE3F1400D564D1 /* LaunchScreen.xib in Resources */,
				313D1BAB1AAE3F1400D564D1 /* Images.xcassets in Resources */,
			);
			runOnlyForDeploymentPostprocessing = 0;
		};
		313D1BB11AAE3F1400D564D1 /* Resources */ = {
			isa = PBXResourcesBuildPhase;
			buildActionMask = 2147483647;
			files = (
			);
			runOnlyForDeploymentPostprocessing = 0;
		};
/* End PBXResourcesBuildPhase section */

/* Begin PBXSourcesBuildPhase section */
		313D1B9A1AAE3F1400D564D1 /* Sources */ = {
			isa = PBXSourcesBuildPhase;
			buildActionMask = 2147483647;
			files = (
				31E933611AAE401E00709FDF /* SwiftyJSON.swift in Sources */,
				313D1BA61AAE3F1400D564D1 /* ViewController.swift in Sources */,
				313D1BA41AAE3F1400D564D1 /* AppDelegate.swift in Sources */,
				31E933631AAE41B500709FDF /* TableViewController.swift in Sources */,
			);
			runOnlyForDeploymentPostprocessing = 0;
		};
		313D1BAF1AAE3F1400D564D1 /* Sources */ = {
			isa = PBXSourcesBuildPhase;
			buildActionMask = 2147483647;
			files = (
				313D1BBA1AAE3F1400D564D1 /* MoviebuddyTests.swift in Sources */,
			);
			runOnlyForDeploymentPostprocessing = 0;
		};
/* End PBXSourcesBuildPhase section */

/* Begin PBXTargetDependency section */
		313D1BB51AAE3F1400D564D1 /* PBXTargetDependency */ = {
			isa = PBXTargetDependency;
			target = 313D1B9D1AAE3F1400D564D1 /* Moviebuddy */;
			targetProxy = 313D1BB41AAE3F1400D564D1 /* PBXContainerItemProxy */;
		};
/* End PBXTargetDependency section */

/* Begin PBXVariantGroup section */
		313D1BA71AAE3F1400D564D1 /* Main.storyboard */ = {
			isa = PBXVariantGroup;
			children = (
				313D1BA81AAE3F1400D564D1 /* Base */,
			);
			name = Main.storyboard;
			sourceTree = "<group>";
		};
		313D1BAC1AAE3F1400D564D1 /* LaunchScreen.xib */ = {
			isa = PBXVariantGroup;
			children = (
				313D1BAD1AAE3F1400D564D1 /* Base */,
			);
			name = LaunchScreen.xib;
			sourceTree = "<group>";
		};
/* End PBXVariantGroup section */

/* Begin XCBuildConfiguration section */
		313D1BBB1AAE3F1400D564D1 /* Debug */ = {
			isa = XCBuildConfiguration;
			buildSettings = {
				ALWAYS_SEARCH_USER_PATHS = NO;
				CLANG_CXX_LANGUAGE_STANDARD = "gnu++0x";
				CLANG_CXX_LIBRARY = "libc++";
				CLANG_ENABLE_MODULES = YES;
				CLANG_ENABLE_OBJC_ARC = YES;
				CLANG_WARN_BOOL_CONVERSION = YES;
				CLANG_WARN_CONSTANT_CONVERSION = YES;
				CLANG_WARN_DIRECT_OBJC_ISA_USAGE = YES_ERROR;
				CLANG_WARN_EMPTY_BODY = YES;
				CLANG_WARN_ENUM_CONVERSION = YES;
				CLANG_WARN_INT_CONVERSION = YES;
				CLANG_WARN_OBJC_ROOT_CLASS = YES_ERROR;
				CLANG_WARN_UNREACHABLE_CODE = YES;
				CLANG_WARN__DUPLICATE_METHOD_MATCH = YES;
				"CODE_SIGN_IDENTITY[sdk=iphoneos*]" = "iPhone Developer";
				COPY_PHASE_STRIP = NO;
				ENABLE_STRICT_OBJC_MSGSEND = YES;
				GCC_C_LANGUAGE_STANDARD = gnu99;
				GCC_DYNAMIC_NO_PIC = NO;
				GCC_OPTIMIZATION_LEVEL = 0;
				GCC_PREPROCESSOR_DEFINITIONS = (
					"DEBUG=1",
					"$(inherited)",
				);
				GCC_SYMBOLS_PRIVATE_EXTERN = NO;
				GCC_WARN_64_TO_32_BIT_CONVERSION = YES;
				GCC_WARN_ABOUT_RETURN_TYPE = YES_ERROR;
				GCC_WARN_UNDECLARED_SELECTOR = YES;
				GCC_WARN_UNINITIALIZED_AUTOS = YES_AGGRESSIVE;
				GCC_WARN_UNUSED_FUNCTION = YES;
				GCC_WARN_UNUSED_VARIABLE = YES;
				IPHONEOS_DEPLOYMENT_TARGET = 8.1;
				MTL_ENABLE_DEBUG_INFO = YES;
				ONLY_ACTIVE_ARCH = YES;
				SDKROOT = iphoneos;
				SWIFT_OPTIMIZATION_LEVEL = "-Onone";
				TARGETED_DEVICE_FAMILY = "1,2";
			};
			name = Debug;
		};
		313D1BBC1AAE3F1400D564D1 /* Release */ = {
			isa = XCBuildConfiguration;
			buildSettings = {
				ALWAYS_SEARCH_USER_PATHS = NO;
				CLANG_CXX_LANGUAGE_STANDARD = "gnu++0x";
				CLANG_CXX_LIBRARY = "libc++";
				CLANG_ENABLE_MODULES = YES;
				CLANG_ENABLE_OBJC_ARC = YES;
				CLANG_WARN_BOOL_CONVERSION = YES;
				CLANG_WARN_CONSTANT_CONVERSION = YES;
				CLANG_WARN_DIRECT_OBJC_ISA_USAGE = YES_ERROR;
				CLANG_WARN_EMPTY_BODY = YES;
				CLANG_WARN_ENUM_CONVERSION = YES;
				CLANG_WARN_INT_CONVERSION = YES;
				CLANG_WARN_OBJC_ROOT_CLASS = YES_ERROR;
				CLANG_WARN_UNREACHABLE_CODE = YES;
				CLANG_WARN__DUPLICATE_METHOD_MATCH = YES;
				"CODE_SIGN_IDENTITY[sdk=iphoneos*]" = "iPhone Developer";
				COPY_PHASE_STRIP = YES;
				ENABLE_NS_ASSERTIONS = NO;
				ENABLE_STRICT_OBJC_MSGSEND = YES;
				GCC_C_LANGUAGE_STANDARD = gnu99;
				GCC_WARN_64_TO_32_BIT_CONVERSION = YES;
				GCC_WARN_ABOUT_RETURN_TYPE = YES_ERROR;
				GCC_WARN_UNDECLARED_SELECTOR = YES;
				GCC_WARN_UNINITIALIZED_AUTOS = YES_AGGRESSIVE;
				GCC_WARN_UNUSED_FUNCTION = YES;
				GCC_WARN_UNUSED_VARIABLE = YES;
				IPHONEOS_DEPLOYMENT_TARGET = 8.1;
				MTL_ENABLE_DEBUG_INFO = NO;
				SDKROOT = iphoneos;
				TARGETED_DEVICE_FAMILY = "1,2";
				VALIDATE_PRODUCT = YES;
			};
			name = Release;
		};
		313D1BBE1AAE3F1400D564D1 /* Debug */ = {
			isa = XCBuildConfiguration;
			buildSettings = {
				ASSETCATALOG_COMPILER_APPICON_NAME = AppIcon;
				INFOPLIST_FILE = Moviebuddy/Info.plist;
				LD_RUNPATH_SEARCH_PATHS = "$(inherited) @executable_path/Frameworks";
				PRODUCT_NAME = "$(TARGET_NAME)";
			};
			name = Debug;
		};
		313D1BBF1AAE3F1400D564D1 /* Release */ = {
			isa = XCBuildConfiguration;
			buildSettings = {
				ASSETCATALOG_COMPILER_APPICON_NAME = AppIcon;
				INFOPLIST_FILE = Moviebuddy/Info.plist;
				LD_RUNPATH_SEARCH_PATHS = "$(inherited) @executable_path/Frameworks";
				PRODUCT_NAME = "$(TARGET_NAME)";
			};
			name = Release;
		};
		313D1BC11AAE3F1400D564D1 /* Debug */ = {
			isa = XCBuildConfiguration;
			buildSettings = {
				BUNDLE_LOADER = "$(TEST_HOST)";
				FRAMEWORK_SEARCH_PATHS = (
					"$(SDKROOT)/Developer/Library/Frameworks",
					"$(inherited)",
				);
				GCC_PREPROCESSOR_DEFINITIONS = (
					"DEBUG=1",
					"$(inherited)",
				);
				INFOPLIST_FILE = MoviebuddyTests/Info.plist;
				LD_RUNPATH_SEARCH_PATHS = "$(inherited) @executable_path/Frameworks @loader_path/Frameworks";
				PRODUCT_NAME = "$(TARGET_NAME)";
				TEST_HOST = "$(BUILT_PRODUCTS_DIR)/Moviebuddy.app/Moviebuddy";
			};
			name = Debug;
		};
		313D1BC21AAE3F1400D564D1 /* Release */ = {
			isa = XCBuildConfiguration;
			buildSettings = {
				BUNDLE_LOADER = "$(TEST_HOST)";
				FRAMEWORK_SEARCH_PATHS = (
					"$(SDKROOT)/Developer/Library/Frameworks",
					"$(inherited)",
				);
				INFOPLIST_FILE = MoviebuddyTests/Info.plist;
				LD_RUNPATH_SEARCH_PATHS = "$(inherited) @executable_path/Frameworks @loader_path/Frameworks";
				PRODUCT_NAME = "$(TARGET_NAME)";
				TEST_HOST = "$(BUILT_PRODUCTS_DIR)/Moviebuddy.app/Moviebuddy";
			};
			name = Release;
		};
/* End XCBuildConfiguration section */

/* Begin XCConfigurationList section */
		313D1B991AAE3F1400D564D1 /* Build configuration list for PBXProject "Moviebuddy" */ = {
			isa = XCConfigurationList;
			buildConfigurations = (
				313D1BBB1AAE3F1400D564D1 /* Debug */,
				313D1BBC1AAE3F1400D564D1 /* Release */,
			);
			defaultConfigurationIsVisible = 0;
			defaultConfigurationName = Release;
		};
		313D1BBD1AAE3F1400D564D1 /* Build configuration list for PBXNativeTarget "Moviebuddy" */ = {
			isa = XCConfigurationList;
			buildConfigurations = (
				313D1BBE1AAE3F1400D564D1 /* Debug */,
				313D1BBF1AAE3F1400D564D1 /* Release */,
			);
			defaultConfigurationIsVisible = 0;
			defaultConfigurationName = Release;
		};
		313D1BC01AAE3F1400D564D1 /* Build configuration list for PBXNativeTarget "MoviebuddyTests" */ = {
			isa = XCConfigurationList;
			buildConfigurations = (
				313D1BC11AAE3F1400D564D1 /* Debug */,
				313D1BC21AAE3F1400D564D1 /* Release */,
			);
			defaultConfigurationIsVisible = 0;
			defaultConfigurationName = Release;
		};
/* End XCConfigurationList section */
	};
	rootObject = 313D1B961AAE3F1400D564D1 /* Project object */;
}
